// !$*UTF8*$!
{
	archiveVersion = 1;
	classes = {
	};
	objectVersion = 46;
	objects = {

/* Begin PBXBuildFile section */
		D9FAB1E81CEB1B12008BDA0D /* main.m in Sources */ = {isa = PBXBuildFile; fileRef = D9FAB1E71CEB1B12008BDA0D /* main.m */; };
		D9FAB1EB1CEB1B12008BDA0D /* AppDelegate.m in Sources */ = {isa = PBXBuildFile; fileRef = D9FAB1EA1CEB1B12008BDA0D /* AppDelegate.m */; };
		D9FAB1EE1CEB1B12008BDA0D /* ViewController.m in Sources */ = {isa = PBXBuildFile; fileRef = D9FAB1ED1CEB1B12008BDA0D /* ViewController.m */; };
		D9FAB1F11CEB1B12008BDA0D /* Main.storyboard in Resources */ = {isa = PBXBuildFile; fileRef = D9FAB1EF1CEB1B12008BDA0D /* Main.storyboard */; };
		D9FAB1F41CEB1B12008BDA0D /* LissonRunLoop.xcdatamodeld in Sources */ = {isa = PBXBuildFile; fileRef = D9FAB1F21CEB1B12008BDA0D /* LissonRunLoop.xcdatamodeld */; };
		D9FAB1F61CEB1B12008BDA0D /* Assets.xcassets in Resources */ = {isa = PBXBuildFile; fileRef = D9FAB1F51CEB1B12008BDA0D /* Assets.xcassets */; };
		D9FAB1F91CEB1B12008BDA0D /* LaunchScreen.storyboard in Resources */ = {isa = PBXBuildFile; fileRef = D9FAB1F71CEB1B12008BDA0D /* LaunchScreen.storyboard */; };
		D9FAB2041CEB1B12008BDA0D /* LissonRunLoopTests.m in Sources */ = {isa = PBXBuildFile; fileRef = D9FAB2031CEB1B12008BDA0D /* LissonRunLoopTests.m */; };
		D9FAB20F1CEB1B12008BDA0D /* LissonRunLoopUITests.m in Sources */ = {isa = PBXBuildFile; fileRef = D9FAB20E1CEB1B12008BDA0D /* LissonRunLoopUITests.m */; };
/* End PBXBuildFile section */

/* Begin PBXContainerItemProxy section */
		D9FAB2001CEB1B12008BDA0D /* PBXContainerItemProxy */ = {
			isa = PBXContainerItemProxy;
			containerPortal = D9FAB1DB1CEB1B12008BDA0D /* Project object */;
			proxyType = 1;
			remoteGlobalIDString = D9FAB1E21CEB1B12008BDA0D;
			remoteInfo = LissonRunLoop;
		};
		D9FAB20B1CEB1B12008BDA0D /* PBXContainerItemProxy */ = {
			isa = PBXContainerItemProxy;
			containerPortal = D9FAB1DB1CEB1B12008BDA0D /* Project object */;
			proxyType = 1;
			remoteGlobalIDString = D9FAB1E21CEB1B12008BDA0D;
			remoteInfo = LissonRunLoop;
		};
/* End PBXContainerItemProxy section */

/* Begin PBXFileReference section */
		D9FAB1E31CEB1B12008BDA0D /* LissonRunLoop.app */ = {isa = PBXFileReference; explicitFileType = wrapper.application; includeInIndex = 0; path = LissonRunLoop.app; sourceTree = BUILT_PRODUCTS_DIR; };
		D9FAB1E71CEB1B12008BDA0D /* main.m */ = {isa = PBXFileReference; lastKnownFileType = sourcecode.c.objc; path = main.m; sourceTree = "<group>"; };
		D9FAB1E91CEB1B12008BDA0D /* AppDelegate.h */ = {isa = PBXFileReference; lastKnownFileType = sourcecode.c.h; path = AppDelegate.h; sourceTree = "<group>"; };
		D9FAB1EA1CEB1B12008BDA0D /* AppDelegate.m */ = {isa = PBXFileReference; lastKnownFileType = sourcecode.c.objc; path = AppDelegate.m; sourceTree = "<group>"; };
		D9FAB1EC1CEB1B12008BDA0D /* ViewController.h */ = {isa = PBXFileReference; lastKnownFileType = sourcecode.c.h; path = ViewController.h; sourceTree = "<group>"; };
		D9FAB1ED1CEB1B12008BDA0D /* ViewController.m */ = {isa = PBXFileReference; lastKnownFileType = sourcecode.c.objc; path = ViewController.m; sourceTree = "<group>"; };
		D9FAB1F01CEB1B12008BDA0D /* Base */ = {isa = PBXFileReference; lastKnownFileType = file.storyboard; name = Base; path = Base.lproj/Main.storyboard; sourceTree = "<group>"; };
		D9FAB1F31CEB1B12008BDA0D /* LissonRunLoop.xcdatamodel */ = {isa = PBXFileReference; lastKnownFileType = wrapper.xcdatamodel; path = LissonRunLoop.xcdatamodel; sourceTree = "<group>"; };
		D9FAB1F51CEB1B12008BDA0D /* Assets.xcassets */ = {isa = PBXFileReference; lastKnownFileType = folder.assetcatalog; path = Assets.xcassets; sourceTree = "<group>"; };
		D9FAB1F81CEB1B12008BDA0D /* Base */ = {isa = PBXFileReference; lastKnownFileType = file.storyboard; name = Base; path = Base.lproj/LaunchScreen.storyboard; sourceTree = "<group>"; };
		D9FAB1FA1CEB1B12008BDA0D /* Info.plist */ = {isa = PBXFileReference; lastKnownFileType = text.plist.xml; path = Info.plist; sourceTree = "<group>"; };
		D9FAB1FF1CEB1B12008BDA0D /* LissonRunLoopTests.xctest */ = {isa = PBXFileReference; explicitFileType = wrapper.cfbundle; includeInIndex = 0; path = LissonRunLoopTests.xctest; sourceTree = BUILT_PRODUCTS_DIR; };
		D9FAB2031CEB1B12008BDA0D /* LissonRunLoopTests.m */ = {isa = PBXFileReference; lastKnownFileType = sourcecode.c.objc; path = LissonRunLoopTests.m; sourceTree = "<group>"; };
		D9FAB2051CEB1B12008BDA0D /* Info.plist */ = {isa = PBXFileReference; lastKnownFileType = text.plist.xml; path = Info.plist; sourceTree = "<group>"; };
		D9FAB20A1CEB1B12008BDA0D /* LissonRunLoopUITests.xctest */ = {isa = PBXFileReference; explicitFileType = wrapper.cfbundle; includeInIndex = 0; path = LissonRunLoopUITests.xctest; sourceTree = BUILT_PRODUCTS_DIR; };
		D9FAB20E1CEB1B12008BDA0D /* LissonRunLoopUITests.m */ = {isa = PBXFileReference; lastKnownFileType = sourcecode.c.objc; path = LissonRunLoopUITests.m; sourceTree = "<group>"; };
		D9FAB2101CEB1B12008BDA0D /* Info.plist */ = {isa = PBXFileReference; lastKnownFileType = text.plist.xml; path = Info.plist; sourceTree = "<group>"; };
/* End PBXFileReference section */

/* Begin PBXFrameworksBuildPhase section */
		D9FAB1E01CEB1B12008BDA0D /* Frameworks */ = {
			isa = PBXFrameworksBuildPhase;
			buildActionMask = 2147483647;
			files = (
			);
			runOnlyForDeploymentPostprocessing = 0;
		};
		D9FAB1FC1CEB1B12008BDA0D /* Frameworks */ = {
			isa = PBXFrameworksBuildPhase;
			buildActionMask = 2147483647;
			files = (
			);
			runOnlyForDeploymentPostprocessing = 0;
		};
		D9FAB2071CEB1B12008BDA0D /* Frameworks */ = {
			isa = PBXFrameworksBuildPhase;
			buildActionMask = 2147483647;
			files = (
			);
			runOnlyForDeploymentPostprocessing = 0;
		};
/* End PBXFrameworksBuildPhase section */

/* Begin PBXGroup section */
		D9FAB1DA1CEB1B12008BDA0D = {
			isa = PBXGroup;
			children = (
				D9FAB1E51CEB1B12008BDA0D /* LissonRunLoop */,
				D9FAB2021CEB1B12008BDA0D /* LissonRunLoopTests */,
				D9FAB20D1CEB1B12008BDA0D /* LissonRunLoopUITests */,
				D9FAB1E41CEB1B12008BDA0D /* Products */,
			);
			sourceTree = "<group>";
		};
		D9FAB1E41CEB1B12008BDA0D /* Products */ = {
			isa = PBXGroup;
			children = (
				D9FAB1E31CEB1B12008BDA0D /* LissonRunLoop.app */,
				D9FAB1FF1CEB1B12008BDA0D /* LissonRunLoopTests.xctest */,
				D9FAB20A1CEB1B12008BDA0D /* LissonRunLoopUITests.xctest */,
			);
			name = Products;
			sourceTree = "<group>";
		};
		D9FAB1E51CEB1B12008BDA0D /* LissonRunLoop */ = {
			isa = PBXGroup;
			children = (
				D9FAB1E91CEB1B12008BDA0D /* AppDelegate.h */,
				D9FAB1EA1CEB1B12008BDA0D /* AppDelegate.m */,
				D9FAB1EC1CEB1B12008BDA0D /* ViewController.h */,
				D9FAB1ED1CEB1B12008BDA0D /* ViewController.m */,
				D9FAB1EF1CEB1B12008BDA0D /* Main.storyboard */,
				D9FAB1F51CEB1B12008BDA0D /* Assets.xcassets */,
				D9FAB1F71CEB1B12008BDA0D /* LaunchScreen.storyboard */,
				D9FAB1FA1CEB1B12008BDA0D /* Info.plist */,
				D9FAB1F21CEB1B12008BDA0D /* LissonRunLoop.xcdatamodeld */,
				D9FAB1E61CEB1B12008BDA0D /* Supporting Files */,
			);
			path = LissonRunLoop;
			sourceTree = "<group>";
		};
		D9FAB1E61CEB1B12008BDA0D /* Supporting Files */ = {
			isa = PBXGroup;
			children = (
				D9FAB1E71CEB1B12008BDA0D /* main.m */,
			);
			name = "Supporting Files";
			sourceTree = "<group>";
		};
		D9FAB2021CEB1B12008BDA0D /* LissonRunLoopTests */ = {
			isa = PBXGroup;
			children = (
				D9FAB2031CEB1B12008BDA0D /* LissonRunLoopTests.m */,
				D9FAB2051CEB1B12008BDA0D /* Info.plist */,
			);
			path = LissonRunLoopTests;
			sourceTree = "<group>";
		};
		D9FAB20D1CEB1B12008BDA0D /* LissonRunLoopUITests */ = {
			isa = PBXGroup;
			children = (
				D9FAB20E1CEB1B12008BDA0D /* LissonRunLoopUITests.m */,
				D9FAB2101CEB1B12008BDA0D /* Info.plist */,
			);
			path = LissonRunLoopUITests;
			sourceTree = "<group>";
		};
/* End PBXGroup section */

/* Begin PBXNativeTarget section */
		D9FAB1E21CEB1B12008BDA0D /* LissonRunLoop */ = {
			isa = PBXNativeTarget;
			buildConfigurationList = D9FAB2131CEB1B12008BDA0D /* Build configuration list for PBXNativeTarget "LissonRunLoop" */;
			buildPhases = (
				D9FAB1DF1CEB1B12008BDA0D /* Sources */,
				D9FAB1E01CEB1B12008BDA0D /* Frameworks */,
				D9FAB1E11CEB1B12008BDA0D /* Resources */,
			);
			buildRules = (
			);
			dependencies = (
			);
			name = LissonRunLoop;
			productName = LissonRunLoop;
			productReference = D9FAB1E31CEB1B12008BDA0D /* LissonRunLoop.app */;
			productType = "com.apple.product-type.application";
		};
		D9FAB1FE1CEB1B12008BDA0D /* LissonRunLoopTests */ = {
			isa = PBXNativeTarget;
			buildConfigurationList = D9FAB2161CEB1B13008BDA0D /* Build configuration list for PBXNativeTarget "LissonRunLoopTests" */;
			buildPhases = (
				D9FAB1FB1CEB1B12008BDA0D /* Sources */,
				D9FAB1FC1CEB1B12008BDA0D /* Frameworks */,
				D9FAB1FD1CEB1B12008BDA0D /* Resources */,
			);
			buildRules = (
			);
			dependencies = (
				D9FAB2011CEB1B12008BDA0D /* PBXTargetDependency */,
			);
			name = LissonRunLoopTests;
			productName = LissonRunLoopTests;
			productReference = D9FAB1FF1CEB1B12008BDA0D /* LissonRunLoopTests.xctest */;
			productType = "com.apple.product-type.bundle.unit-test";
		};
		D9FAB2091CEB1B12008BDA0D /* LissonRunLoopUITests */ = {
			isa = PBXNativeTarget;
			buildConfigurationList = D9FAB2191CEB1B13008BDA0D /* Build configuration list for PBXNativeTarget "LissonRunLoopUITests" */;
			buildPhases = (
				D9FAB2061CEB1B12008BDA0D /* Sources */,
				D9FAB2071CEB1B12008BDA0D /* Frameworks */,
				D9FAB2081CEB1B12008BDA0D /* Resources */,
			);
			buildRules = (
			);
			dependencies = (
				D9FAB20C1CEB1B12008BDA0D /* PBXTargetDependency */,
			);
			name = LissonRunLoopUITests;
			productName = LissonRunLoopUITests;
			productReference = D9FAB20A1CEB1B12008BDA0D /* LissonRunLoopUITests.xctest */;
			productType = "com.apple.product-type.bundle.ui-testing";
		};
/* End PBXNativeTarget section */

/* Begin PBXProject section */
		D9FAB1DB1CEB1B12008BDA0D /* Project object */ = {
			isa = PBXProject;
			attributes = {
				LastUpgradeCheck = 0720;
				ORGANIZATIONNAME = zhangdong;
				TargetAttributes = {
					D9FAB1E21CEB1B12008BDA0D = {
						CreatedOnToolsVersion = 7.2;
					};
					D9FAB1FE1CEB1B12008BDA0D = {
						CreatedOnToolsVersion = 7.2;
						TestTargetID = D9FAB1E21CEB1B12008BDA0D;
					};
					D9FAB2091CEB1B12008BDA0D = {
						CreatedOnToolsVersion = 7.2;
						TestTargetID = D9FAB1E21CEB1B12008BDA0D;
					};
				};
			};
			buildConfigurationList = D9FAB1DE1CEB1B12008BDA0D /* Build configuration list for PBXProject "LissonRunLoop" */;
			compatibilityVersion = "Xcode 3.2";
			developmentRegion = English;
			hasScannedForEncodings = 0;
			knownRegions = (
				en,
				Base,
			);
			mainGroup = D9FAB1DA1CEB1B12008BDA0D;
			productRefGroup = D9FAB1E41CEB1B12008BDA0D /* Products */;
			projectDirPath = "";
			projectRoot = "";
			targets = (
				D9FAB1E21CEB1B12008BDA0D /* LissonRunLoop */,
				D9FAB1FE1CEB1B12008BDA0D /* LissonRunLoopTests */,
				D9FAB2091CEB1B12008BDA0D /* LissonRunLoopUITests */,
			);
		};
/* End PBXProject section */

/* Begin PBXResourcesBuildPhase section */
		D9FAB1E11CEB1B12008BDA0D /* Resources */ = {
			isa = PBXResourcesBuildPhase;
			buildActionMask = 2147483647;
			files = (
				D9FAB1F91CEB1B12008BDA0D /* LaunchScreen.storyboard in Resources */,
				D9FAB1F61CEB1B12008BDA0D /* Assets.xcassets in Resources */,
				D9FAB1F11CEB1B12008BDA0D /* Main.storyboard in Resources */,
			);
			runOnlyForDeploymentPostprocessing = 0;
		};
		D9FAB1FD1CEB1B12008BDA0D /* Resources */ = {
			isa = PBXResourcesBuildPhase;
			buildActionMask = 2147483647;
			files = (
			);
			runOnlyForDeploymentPostprocessing = 0;
		};
		D9FAB2081CEB1B12008BDA0D /* Resources */ = {
			isa = PBXResourcesBuildPhase;
			buildActionMask = 2147483647;
			files = (
			);
			runOnlyForDeploymentPostprocessing = 0;
		};
/* End PBXResourcesBuildPhase section */

/* Begin PBXSourcesBuildPhase section */
		D9FAB1DF1CEB1B12008BDA0D /* Sources */ = {
			isa = PBXSourcesBuildPhase;
			buildActionMask = 2147483647;
			files = (
				D9FAB1EE1CEB1B12008BDA0D /* ViewController.m in Sources */,
				D9FAB1F41CEB1B12008BDA0D /* LissonRunLoop.xcdatamodeld in Sources */,
				D9FAB1EB1CEB1B12008BDA0D /* AppDelegate.m in Sources */,
				D9FAB1E81CEB1B12008BDA0D /* main.m in Sources */,
			);
			runOnlyForDeploymentPostprocessing = 0;
		};
		D9FAB1FB1CEB1B12008BDA0D /* Sources */ = {
			isa = PBXSourcesBuildPhase;
			buildActionMask = 2147483647;
			files = (
				D9FAB2041CEB1B12008BDA0D /* LissonRunLoopTests.m in Sources */,
			);
			runOnlyForDeploymentPostprocessing = 0;
		};
		D9FAB2061CEB1B12008BDA0D /* Sources */ = {
			isa = PBXSourcesBuildPhase;
			buildActionMask = 2147483647;
			files = (
				D9FAB20F1CEB1B12008BDA0D /* LissonRunLoopUITests.m in Sources */,
			);
			runOnlyForDeploymentPostprocessing = 0;
		};
/* End PBXSourcesBuildPhase section */

/* Begin PBXTargetDependency section */
		D9FAB2011CEB1B12008BDA0D /* PBXTargetDependency */ = {
			isa = PBXTargetDependency;
			target = D9FAB1E21CEB1B12008BDA0D /* LissonRunLoop */;
			targetProxy = D9FAB2001CEB1B12008BDA0D /* PBXContainerItemProxy */;
		};
		D9FAB20C1CEB1B12008BDA0D /* PBXTargetDependency */ = {
			isa = PBXTargetDependency;
			target = D9FAB1E21CEB1B12008BDA0D /* LissonRunLoop */;
			targetProxy = D9FAB20B1CEB1B12008BDA0D /* PBXContainerItemProxy */;
		};
/* End PBXTargetDependency section */

/* Begin PBXVariantGroup section */
		D9FAB1EF1CEB1B12008BDA0D /* Main.storyboard */ = {
			isa = PBXVariantGroup;
			children = (
				D9FAB1F01CEB1B12008BDA0D /* Base */,
			);
			name = Main.storyboard;
			sourceTree = "<group>";
		};
		D9FAB1F71CEB1B12008BDA0D /* LaunchScreen.storyboard */ = {
			isa = PBXVariantGroup;
			children = (
				D9FAB1F81CEB1B12008BDA0D /* Base */,
			);
			name = LaunchScreen.storyboard;
			sourceTree = "<group>";
		};
/* End PBXVariantGroup section */

/* Begin XCBuildConfiguration section */
		D9FAB2111CEB1B12008BDA0D /* Debug */ = {
			isa = XCBuildConfiguration;
			buildSettings = {
				ALWAYS_SEARCH_USER_PATHS = NO;
				CLANG_CXX_LANGUAGE_STANDARD = "gnu++0x";
				CLANG_CXX_LIBRARY = "libc++";
				CLANG_ENABLE_MODULES = YES;
				CLANG_ENABLE_OBJC_ARC = YES;
				CLANG_WARN_BOOL_CONVERSION = YES;
				CLANG_WARN_CONSTANT_CONVERSION = YES;
				CLANG_WARN_DIRECT_OBJC_ISA_USAGE = YES_ERROR;
				CLANG_WARN_EMPTY_BODY = YES;
				CLANG_WARN_ENUM_CONVERSION = YES;
				CLANG_WARN_INT_CONVERSION = YES;
				CLANG_WARN_OBJC_ROOT_CLASS = YES_ERROR;
				CLANG_WARN_UNREACHABLE_CODE = YES;
				CLANG_WARN__DUPLICATE_METHOD_MATCH = YES;
				"CODE_SIGN_IDENTITY[sdk=iphoneos*]" = "iPhone Developer";
				COPY_PHASE_STRIP = NO;
				DEBUG_INFORMATION_FORMAT = dwarf;
				ENABLE_STRICT_OBJC_MSGSEND = YES;
				ENABLE_TESTABILITY = YES;
				GCC_C_LANGUAGE_STANDARD = gnu99;
				GCC_DYNAMIC_NO_PIC = NO;
				GCC_NO_COMMON_BLOCKS = YES;
				GCC_OPTIMIZATION_LEVEL = 0;
				GCC_PREPROCESSOR_DEFINITIONS = (
					"DEBUG=1",
					"$(inherited)",
				);
				GCC_WARN_64_TO_32_BIT_CONVERSION = YES;
				GCC_WARN_ABOUT_RETURN_TYPE = YES_ERROR;
				GCC_WARN_UNDECLARED_SELECTOR = YES;
				GCC_WARN_UNINITIALIZED_AUTOS = YES_AGGRESSIVE;
				GCC_WARN_UNUSED_FUNCTION = YES;
				GCC_WARN_UNUSED_VARIABLE = YES;
				IPHONEOS_DEPLOYMENT_TARGET = 9.2;
				MTL_ENABLE_DEBUG_INFO = YES;
				ONLY_ACTIVE_ARCH = YES;
				SDKROOT = iphoneos;
			};
			name = Debug;
		};
		D9FAB2121CEB1B12008BDA0D /* Release */ = {
			isa = XCBuildConfiguration;
			buildSettings = {
				ALWAYS_SEARCH_USER_PATHS = NO;
				CLANG_CXX_LANGUAGE_STANDARD = "gnu++0x";
				CLANG_CXX_LIBRARY = "libc++";
				CLANG_ENABLE_MODULES = YES;
				CLANG_ENABLE_OBJC_ARC = YES;
				CLANG_WARN_BOOL_CONVERSION = YES;
				CLANG_WARN_CONSTANT_CONVERSION = YES;
				CLANG_WARN_DIRECT_OBJC_ISA_USAGE = YES_ERROR;
				CLANG_WARN_EMPTY_BODY = YES;
				CLANG_WARN_ENUM_CONVERSION = YES;
				CLANG_WARN_INT_CONVERSION = YES;
				CLANG_WARN_OBJC_ROOT_CLASS = YES_ERROR;
				CLANG_WARN_UNREACHABLE_CODE = YES;
				CLANG_WARN__DUPLICATE_METHOD_MATCH = YES;
				"CODE_SIGN_IDENTITY[sdk=iphoneos*]" = "iPhone Developer";
				COPY_PHASE_STRIP = NO;
				DEBUG_INFORMATION_FORMAT = "dwarf-with-dsym";
				ENABLE_NS_ASSERTIONS = NO;
				ENABLE_STRICT_OBJC_MSGSEND = YES;
				GCC_C_LANGUAGE_STANDARD = gnu99;
				GCC_NO_COMMON_BLOCKS = YES;
				GCC_WARN_64_TO_32_BIT_CONVERSION = YES;
				GCC_WARN_ABOUT_RETURN_TYPE = YES_ERROR;
				GCC_WARN_UNDECLARED_SELECTOR = YES;
				GCC_WARN_UNINITIALIZED_AUTOS = YES_AGGRESSIVE;
				GCC_WARN_UNUSED_FUNCTION = YES;
				GCC_WARN_UNUSED_VARIABLE = YES;
				IPHONEOS_DEPLOYMENT_TARGET = 9.2;
				MTL_ENABLE_DEBUG_INFO = NO;
				SDKROOT = iphoneos;
				VALIDATE_PRODUCT = YES;
			};
			name = Release;
		};
		D9FAB2141CEB1B13008BDA0D /* Debug */ = {
			isa = XCBuildConfiguration;
			buildSettings = {
				ASSETCATALOG_COMPILER_APPICON_NAME = AppIcon;
				INFOPLIST_FILE = LissonRunLoop/Info.plist;
				LD_RUNPATH_SEARCH_PATHS = "$(inherited) @executable_path/Frameworks";
				PRODUCT_BUNDLE_IDENTIFIER = JY.LissonRunLoop;
				PRODUCT_NAME = "$(TARGET_NAME)";
			};
			name = Debug;
		};
		D9FAB2151CEB1B13008BDA0D /* Release */ = {
			isa = XCBuildConfiguration;
			buildSettings = {
				ASSETCATALOG_COMPILER_APPICON_NAME = AppIcon;
				INFOPLIST_FILE = LissonRunLoop/Info.plist;
				LD_RUNPATH_SEARCH_PATHS = "$(inherited) @executable_path/Frameworks";
				PRODUCT_BUNDLE_IDENTIFIER = JY.LissonRunLoop;
				PRODUCT_NAME = "$(TARGET_NAME)";
			};
			name = Release;
		};
		D9FAB2171CEB1B13008BDA0D /* Debug */ = {
			isa = XCBuildConfiguration;
			buildSettings = {
				BUNDLE_LOADER = "$(TEST_HOST)";
				INFOPLIST_FILE = LissonRunLoopTests/Info.plist;
				LD_RUNPATH_SEARCH_PATHS = "$(inherited) @executable_path/Frameworks @loader_path/Frameworks";
				PRODUCT_BUNDLE_IDENTIFIER = JY.LissonRunLoopTests;
				PRODUCT_NAME = "$(TARGET_NAME)";
				TEST_HOST = "$(BUILT_PRODUCTS_DIR)/LissonRunLoop.app/LissonRunLoop";
			};
			name = Debug;
		};
		D9FAB2181CEB1B13008BDA0D /* Release */ = {
			isa = XCBuildConfiguration;
			buildSettings = {
				BUNDLE_LOADER = "$(TEST_HOST)";
				INFOPLIST_FILE = LissonRunLoopTests/Info.plist;
				LD_RUNPATH_SEARCH_PATHS = "$(inherited) @executable_path/Frameworks @loader_path/Frameworks";
				PRODUCT_BUNDLE_IDENTIFIER = JY.LissonRunLoopTests;
				PRODUCT_NAME = "$(TARGET_NAME)";
				TEST_HOST = "$(BUILT_PRODUCTS_DIR)/LissonRunLoop.app/LissonRunLoop";
			};
			name = Release;
		};
		D9FAB21A1CEB1B13008BDA0D /* Debug */ = {
			isa = XCBuildConfiguration;
			buildSettings = {
				INFOPLIST_FILE = LissonRunLoopUITests/Info.plist;
				LD_RUNPATH_SEARCH_PATHS = "$(inherited) @executable_path/Frameworks @loader_path/Frameworks";
				PRODUCT_BUNDLE_IDENTIFIER = JY.LissonRunLoopUITests;
				PRODUCT_NAME = "$(TARGET_NAME)";
				TEST_TARGET_NAME = LissonRunLoop;
				USES_XCTRUNNER = YES;
			};
			name = Debug;
		};
		D9FAB21B1CEB1B13008BDA0D /* Release */ = {
			isa = XCBuildConfiguration;
			buildSettings = {
				INFOPLIST_FILE = LissonRunLoopUITests/Info.plist;
				LD_RUNPATH_SEARCH_PATHS = "$(inherited) @executable_path/Frameworks @loader_path/Frameworks";
				PRODUCT_BUNDLE_IDENTIFIER = JY.LissonRunLoopUITests;
				PRODUCT_NAME = "$(TARGET_NAME)";
				TEST_TARGET_NAME = LissonRunLoop;
				USES_XCTRUNNER = YES;
			};
			name = Release;
		};
/* End XCBuildConfiguration section */

/* Begin XCConfigurationList section */
		D9FAB1DE1CEB1B12008BDA0D /* Build configuration list for PBXProject "LissonRunLoop" */ = {
			isa = XCConfigurationList;
			buildConfigurations = (
				D9FAB2111CEB1B12008BDA0D /* Debug */,
				D9FAB2121CEB1B12008BDA0D /* Release */,
			);
			defaultConfigurationIsVisible = 0;
			defaultConfigurationName = Release;
		};
		D9FAB2131CEB1B12008BDA0D /* Build configuration list for PBXNativeTarget "LissonRunLoop" */ = {
			isa = XCConfigurationList;
			buildConfigurations = (
				D9FAB2141CEB1B13008BDA0D /* Debug */,
				D9FAB2151CEB1B13008BDA0D /* Release */,
			);
			defaultConfigurationIsVisible = 0;
		};
		D9FAB2161CEB1B13008BDA0D /* Build configuration list for PBXNativeTarget "LissonRunLoopTests" */ = {
			isa = XCConfigurationList;
			buildConfigurations = (
				D9FAB2171CEB1B13008BDA0D /* Debug */,
				D9FAB2181CEB1B13008BDA0D /* Release */,
			);
			defaultConfigurationIsVisible = 0;
		};
		D9FAB2191CEB1B13008BDA0D /* Build configuration list for PBXNativeTarget "LissonRunLoopUITests" */ = {
			isa = XCConfigurationList;
			buildConfigurations = (
				D9FAB21A1CEB1B13008BDA0D /* Debug */,
				D9FAB21B1CEB1B13008BDA0D /* Release */,
			);
			defaultConfigurationIsVisible = 0;
		};
/* End XCConfigurationList section */

/* Begin XCVersionGroup section */
		D9FAB1F21CEB1B12008BDA0D /* LissonRunLoop.xcdatamodeld */ = {
			isa = XCVersionGroup;
			children = (
				D9FAB1F31CEB1B12008BDA0D /* LissonRunLoop.xcdatamodel */,
			);
			currentVersion = D9FAB1F31CEB1B12008BDA0D /* LissonRunLoop.xcdatamodel */;
			path = LissonRunLoop.xcdatamodeld;
			sourceTree = "<group>";
			versionGroupType = wrapper.xcdatamodel;
		};
/* End XCVersionGroup section */
	};
	rootObject = D9FAB1DB1CEB1B12008BDA0D /* Project object */;
}
